
Microsoft Visual Studio Solution File, Format Version 12.00
# Visual Studio Version 17
VisualStudioVersion = 17.4.33213.308
MinimumVisualStudioVersion = 10.0.40219.1
Project("{FAE04EC0-301F-11D3-BF4B-00C04F79EFBC}") = "cnEdadPersonaMayor_Menor", "cnEdadPersonaMayor_Menor\cnEdadPersonaMayor_Menor.csproj", "{7C87CF54-DCC1-4585-9A74-6B4424D30CE0}"
EndProject
Global
	GlobalSection(SolutionConfigurationPlatforms) = preSolution
		Debug|Any CPU = Debug|Any CPU
		Release|Any CPU = Release|Any CPU
	EndGlobalSection
	GlobalSection(ProjectConfigurationPlatforms) = postSolution
		{7C87CF54-DCC1-4585-9A74-6B4424D30CE0}.Debug|Any CPU.ActiveCfg = Debug|Any CPU
		{7C87CF54-DCC1-4585-9A74-6B4424D30CE0}.Debug|Any CPU.Build.0 = Debug|Any CPU
		{7C87CF54-DCC1-4585-9A74-6B4424D30CE0}.Release|Any CPU.ActiveCfg = Release|Any CPU
		{7C87CF54-DCC1-4585-9A74-6B4424D30CE0}.Release|Any CPU.Build.0 = Release|Any CPU
	EndGlobalSection
	GlobalSection(SolutionProperties) = preSolution
		HideSolutionNode = FALSE
	EndGlobalSection
	GlobalSection(ExtensibilityGlobals) = postSolution
		SolutionGuid = {B95257EA-B83D-4B59-8417-F9C09D08D5E2}
	EndGlobalSection
EndGlobal
